
Microsoft Visual Studio Solution File, Format Version 12.00
# Visual Studio Version 17
VisualStudioVersion = 17.11.35327.3
MinimumVisualStudioVersion = 10.0.40219.1
Project("{FAE04EC0-301F-11D3-BF4B-00C04F79EFBC}") = "SplitOrders", "SplitOrders\SplitOrders.csproj", "{94976AE7-95E3-4EA7-9667-C69CBA3352C9}"
EndProject
Global
	GlobalSection(SolutionConfigurationPlatforms) = preSolution
		Debug|Any CPU = Debug|Any CPU
		Release|Any CPU = Release|Any CPU
	EndGlobalSection
	GlobalSection(ProjectConfigurationPlatforms) = postSolution
		{94976AE7-95E3-4EA7-9667-C69CBA3352C9}.Debug|Any CPU.ActiveCfg = Debug|Any CPU
		{94976AE7-95E3-4EA7-9667-C69CBA3352C9}.Debug|Any CPU.Build.0 = Debug|Any CPU
		{94976AE7-95E3-4EA7-9667-C69CBA3352C9}.Release|Any CPU.ActiveCfg = Release|Any CPU
		{94976AE7-95E3-4EA7-9667-C69CBA3352C9}.Release|Any CPU.Build.0 = Release|Any CPU
	EndGlobalSection
	GlobalSection(SolutionProperties) = preSolution
		HideSolutionNode = FALSE
	EndGlobalSection
	GlobalSection(ExtensibilityGlobals) = postSolution
		SolutionGuid = {A847B4BF-7AB8-495A-8E59-7D12C5F4E363}
	EndGlobalSection
EndGlobal
